{
	"name": "dewart-table",
	"version": "1.2.2",
	"lockfileVersion": 2,
	"requires": true,
	"packages": {
		"": {
			"name": "dewart-table",
			"version": "1.2.2",
			"license": "ISC",
			"dependencies": {
				"dewart-table": "^1.2.2"
			}
		},
		"node_modules/dewart-table": {
			"version": "1.2.2",
			"resolved": "https://registry.npmjs.org/dewart-table/-/dewart-table-1.2.2.tgz",
			"integrity": "sha512-JKeVSZkDaHbeJdehrCcoQm1xqmuafMVaYq2i8qadgisf2uvdb+2k+47pOg3PTt3XcT7PNzkGmpLHEzhyhsZ33g=="
		}
	},
	"dependencies": {
		"dewart-table": {
			"version": "1.2.2",
			"resolved": "https://registry.npmjs.org/dewart-table/-/dewart-table-1.2.2.tgz",
			"integrity": "sha512-JKeVSZkDaHbeJdehrCcoQm1xqmuafMVaYq2i8qadgisf2uvdb+2k+47pOg3PTt3XcT7PNzkGmpLHEzhyhsZ33g=="
		}
	}
}
